dependencies:
  espressif/cbor:
    component_hash: 440f4ee4504841cc9b4f3a8ef755776a612ac9dace355514c68b999868f990ff
    source:
      service_url: https://api.components.espressif.com/
      type: service
    version: 0.6.0~1
  espressif/esp_secure_cert_mgr:
    component_hash: 0a7b7f1c26fbd6fd8f49cc90f39203e3ab9cf334bbbf288bede9db745c35892c
    source:
      service_url: https://api.components.espressif.com/
      type: service
    version: 2.3.1
  espressif/led_strip:
    component_hash: 1f8cc130ebd557fde64c02fe5fad0cb36d69947498c540ace6f425e1083d7773
    source:
      service_url: https://api.components.espressif.com/
      type: service
    version: 2.4.1
  idf:
    component_hash: null
    source:
      type: idf
    version: 5.0.3
manifest_hash: c48764595920f84c227f1de33021bdfe554dfd1aaa8a38d5a786f8ad0e88f0ac
target: esp32s3
version: 1.0.0
